
Microsoft Visual Studio Solution File, Format Version 12.00
# Visual Studio Version 17
VisualStudioVersion = 17.7.34031.279
MinimumVisualStudioVersion = 10.0.40219.1
Project("{FAE04EC0-301F-11D3-BF4B-00C04F79EFBC}") = "RevitLines", "RevitLines.csproj", "{5CB5B8D0-8166-41F6-B2C6-EE8445F95AD3}"
EndProject
Global
	GlobalSection(SolutionConfigurationPlatforms) = preSolution
		Debug|Any CPU = Debug|Any CPU
		Release|Any CPU = Release|Any CPU
	EndGlobalSection
	GlobalSection(ProjectConfigurationPlatforms) = postSolution
		{5CB5B8D0-8166-41F6-B2C6-EE8445F95AD3}.Debug|Any CPU.ActiveCfg = Debug|Any CPU
		{5CB5B8D0-8166-41F6-B2C6-EE8445F95AD3}.Debug|Any CPU.Build.0 = Debug|Any CPU
		{5CB5B8D0-8166-41F6-B2C6-EE8445F95AD3}.Release|Any CPU.ActiveCfg = Release|Any CPU
		{5CB5B8D0-8166-41F6-B2C6-EE8445F95AD3}.Release|Any CPU.Build.0 = Release|Any CPU
	EndGlobalSection
	GlobalSection(SolutionProperties) = preSolution
		HideSolutionNode = FALSE
	EndGlobalSection
	GlobalSection(ExtensibilityGlobals) = postSolution
		SolutionGuid = {BA0EDA6C-A35F-479F-8684-088A9037C988}
	EndGlobalSection
EndGlobal
